
Microsoft Visual Studio Solution File, Format Version 12.00
# Visual Studio Version 17
Project("{2150E333-8FDC-42A3-9474-1A3956D46DE8}") = "CMakePredefinedTargets", "CMakePredefinedTargets", "{A1BAD3FD-4BC1-3A9E-8F80-D010DF7D7857}"
EndProject
Project("{2150E333-8FDC-42A3-9474-1A3956D46DE8}") = "GLFW3", "GLFW3", "{93351D27-E89B-3D3F-B8B3-F0CCF84B18DF}"
EndProject
Project("{2150E333-8FDC-42A3-9474-1A3956D46DE8}") = "Examples", "GLFW3\Examples", "{529CF735-004C-312D-B4DE-816CD151E936}"
EndProject
Project("{2150E333-8FDC-42A3-9474-1A3956D46DE8}") = "Tests", "GLFW3\Tests", "{A38E8153-0A6D-3FC3-9EEC-0AFA5FA4A860}"
EndProject
Project("{8BC9CEB8-8B4A-11D0-8D11-00A0C91BC942}") = "my_game", "MyGame\my_game.vcxproj", "{E3751CD4-F1D9-316C-B94C-FB21E75DDCAD}"
	ProjectSection(ProjectDependencies) = postProject
		{F39ABDBD-2195-3DEE-8F09-64E40D0E97BF} = {F39ABDBD-2195-3DEE-8F09-64E40D0E97BF}
		{58699371-70CC-3AEF-9CE7-81284F27817C} = {58699371-70CC-3AEF-9CE7-81284F27817C}
		{6C83B35C-01DE-3FB0-AEA8-00BAD6488132} = {6C83B35C-01DE-3FB0-AEA8-00BAD6488132}
		{078D8607-24B6-3BE1-A706-11628FB754CA} = {078D8607-24B6-3BE1-A706-11628FB754CA}
		{8B5FB507-1607-3C86-A467-8F6A38B52D94} = {8B5FB507-1607-3C86-A467-8F6A38B52D94}
	EndProjectSection
EndProject
Project("{8BC9CEB8-8B4A-11D0-8D11-00A0C91BC942}") = "ALL_BUILD", "ALL_BUILD.vcxproj", "{6D7454F7-C2CB-3B54-958D-5207DDB5183F}"
	ProjectSection(ProjectDependencies) = postProject
		{F39ABDBD-2195-3DEE-8F09-64E40D0E97BF} = {F39ABDBD-2195-3DEE-8F09-64E40D0E97BF}
		{91EA7FF3-761D-3F74-91EF-0FF0DF9511AC} = {91EA7FF3-761D-3F74-91EF-0FF0DF9511AC}
		{37D3FD2B-CA97-3F4D-8FD1-E127C572239F} = {37D3FD2B-CA97-3F4D-8FD1-E127C572239F}
		{C83AD1DF-28A8-3014-9558-4A439C49384E} = {C83AD1DF-28A8-3014-9558-4A439C49384E}
		{BA247D44-23BF-3FD6-A9B4-5BE193C0AF65} = {BA247D44-23BF-3FD6-A9B4-5BE193C0AF65}
		{55B46E12-8387-39A8-A221-3F50086F23C9} = {55B46E12-8387-39A8-A221-3F50086F23C9}
		{774E02D1-8901-3D04-9D2B-4FBA416DBBDD} = {774E02D1-8901-3D04-9D2B-4FBA416DBBDD}
		{C17838B1-8000-3C28-85FC-5E3E753D24FB} = {C17838B1-8000-3C28-85FC-5E3E753D24FB}
		{58699371-70CC-3AEF-9CE7-81284F27817C} = {58699371-70CC-3AEF-9CE7-81284F27817C}
		{6C83B35C-01DE-3FB0-AEA8-00BAD6488132} = {6C83B35C-01DE-3FB0-AEA8-00BAD6488132}
		{F32ECF53-4E1C-31E2-8153-541DD8DD2E79} = {F32ECF53-4E1C-31E2-8153-541DD8DD2E79}
		{F1B08C77-4A86-38F7-8578-0846CDD149DB} = {F1B08C77-4A86-38F7-8578-0846CDD149DB}
		{C52A93C8-06A7-3344-9D0D-0874E3F22DCA} = {C52A93C8-06A7-3344-9D0D-0874E3F22DCA}
		{AB43B931-1718-3E40-8812-E1A2D88D7033} = {AB43B931-1718-3E40-8812-E1A2D88D7033}
		{1586B54F-D442-367D-ABBD-03A54A3D2326} = {1586B54F-D442-367D-ABBD-03A54A3D2326}
		{14C42B66-D773-3AAB-9792-87515F86BBEB} = {14C42B66-D773-3AAB-9792-87515F86BBEB}
		{1A2F4927-CFF0-362F-954D-D41CE16CE6C5} = {1A2F4927-CFF0-362F-954D-D41CE16CE6C5}
		{6060C664-D430-3328-90E1-31B98BB4433D} = {6060C664-D430-3328-90E1-31B98BB4433D}
		{E3751CD4-F1D9-316C-B94C-FB21E75DDCAD} = {E3751CD4-F1D9-316C-B94C-FB21E75DDCAD}
		{7057A05F-02B9-336F-ABC1-7603F8E54261} = {7057A05F-02B9-336F-ABC1-7603F8E54261}
		{12424200-15C7-3C1F-9A4E-7C41FCE42B2F} = {12424200-15C7-3C1F-9A4E-7C41FCE42B2F}
		{5FD94D52-8D10-3E4A-ABF8-D7C00ED47B22} = {5FD94D52-8D10-3E4A-ABF8-D7C00ED47B22}
		{DE3B2025-3F99-3E46-87C8-ADB1A3AF564D} = {DE3B2025-3F99-3E46-87C8-ADB1A3AF564D}
		{3768EFA4-34DE-3EAB-BDE5-9F7D7682BDB8} = {3768EFA4-34DE-3EAB-BDE5-9F7D7682BDB8}
		{94287FA4-0867-38B7-BB41-A93D85C744F2} = {94287FA4-0867-38B7-BB41-A93D85C744F2}
		{DB373208-D2BA-351C-9DEB-D9B16F0F783F} = {DB373208-D2BA-351C-9DEB-D9B16F0F783F}
		{078D8607-24B6-3BE1-A706-11628FB754CA} = {078D8607-24B6-3BE1-A706-11628FB754CA}
		{73D24090-70EB-33D9-86F9-68C2D2973B75} = {73D24090-70EB-33D9-86F9-68C2D2973B75}
		{760B5481-4CB5-3336-84E9-9C7DCE434129} = {760B5481-4CB5-3336-84E9-9C7DCE434129}
		{C90C7945-6B51-3F98-9623-56D929E603B6} = {C90C7945-6B51-3F98-9623-56D929E603B6}
		{9FF497EF-8B4C-3356-9308-2BDAA71E18A8} = {9FF497EF-8B4C-3356-9308-2BDAA71E18A8}
		{5CCDF1FD-038F-3518-8AE1-6CAC49146E61} = {5CCDF1FD-038F-3518-8AE1-6CAC49146E61}
		{8B5FB507-1607-3C86-A467-8F6A38B52D94} = {8B5FB507-1607-3C86-A467-8F6A38B52D94}
		{3C20EAA1-4F08-34D8-9CAA-6DA676F9EB59} = {3C20EAA1-4F08-34D8-9CAA-6DA676F9EB59}
		{C8E238DA-3C6F-3462-B061-229A183BEF0B} = {C8E238DA-3C6F-3462-B061-229A183BEF0B}
	EndProjectSection
EndProject
Project("{8BC9CEB8-8B4A-11D0-8D11-00A0C91BC942}") = "INSTALL", "INSTALL.vcxproj", "{21B450BF-EB83-35A3-98E8-197F4B41E0BF}"
	ProjectSection(ProjectDependencies) = postProject
		{6D7454F7-C2CB-3B54-958D-5207DDB5183F} = {6D7454F7-C2CB-3B54-958D-5207DDB5183F}
		{F39ABDBD-2195-3DEE-8F09-64E40D0E97BF} = {F39ABDBD-2195-3DEE-8F09-64E40D0E97BF}
	EndProjectSection
EndProject
Project("{8BC9CEB8-8B4A-11D0-8D11-00A0C91BC942}") = "ZERO_CHECK", "ZERO_CHECK.vcxproj", "{F39ABDBD-2195-3DEE-8F09-64E40D0E97BF}"
	ProjectSection(ProjectDependencies) = postProject
	EndProjectSection
EndProject
Project("{8BC9CEB8-8B4A-11D0-8D11-00A0C91BC942}") = "boing", "glfw\examples\boing.vcxproj", "{91EA7FF3-761D-3F74-91EF-0FF0DF9511AC}"
	ProjectSection(ProjectDependencies) = postProject
		{F39ABDBD-2195-3DEE-8F09-64E40D0E97BF} = {F39ABDBD-2195-3DEE-8F09-64E40D0E97BF}
		{6C83B35C-01DE-3FB0-AEA8-00BAD6488132} = {6C83B35C-01DE-3FB0-AEA8-00BAD6488132}
	EndProjectSection
EndProject
Project("{8BC9CEB8-8B4A-11D0-8D11-00A0C91BC942}") = "clipboard", "glfw\tests\clipboard.vcxproj", "{37D3FD2B-CA97-3F4D-8FD1-E127C572239F}"
	ProjectSection(ProjectDependencies) = postProject
		{F39ABDBD-2195-3DEE-8F09-64E40D0E97BF} = {F39ABDBD-2195-3DEE-8F09-64E40D0E97BF}
		{6C83B35C-01DE-3FB0-AEA8-00BAD6488132} = {6C83B35C-01DE-3FB0-AEA8-00BAD6488132}
	EndProjectSection
EndProject
Project("{8BC9CEB8-8B4A-11D0-8D11-00A0C91BC942}") = "cursor", "glfw\tests\cursor.vcxproj", "{C83AD1DF-28A8-3014-9558-4A439C49384E}"
	ProjectSection(ProjectDependencies) = postProject
		{F39ABDBD-2195-3DEE-8F09-64E40D0E97BF} = {F39ABDBD-2195-3DEE-8F09-64E40D0E97BF}
		{6C83B35C-01DE-3FB0-AEA8-00BAD6488132} = {6C83B35C-01DE-3FB0-AEA8-00BAD6488132}
	EndProjectSection
EndProject
Project("{8BC9CEB8-8B4A-11D0-8D11-00A0C91BC942}") = "empty", "glfw\tests\empty.vcxproj", "{BA247D44-23BF-3FD6-A9B4-5BE193C0AF65}"
	ProjectSection(ProjectDependencies) = postProject
		{F39ABDBD-2195-3DEE-8F09-64E40D0E97BF} = {F39ABDBD-2195-3DEE-8F09-64E40D0E97BF}
		{6C83B35C-01DE-3FB0-AEA8-00BAD6488132} = {6C83B35C-01DE-3FB0-AEA8-00BAD6488132}
	EndProjectSection
EndProject
Project("{8BC9CEB8-8B4A-11D0-8D11-00A0C91BC942}") = "events", "glfw\tests\events.vcxproj", "{55B46E12-8387-39A8-A221-3F50086F23C9}"
	ProjectSection(ProjectDependencies) = postProject
		{F39ABDBD-2195-3DEE-8F09-64E40D0E97BF} = {F39ABDBD-2195-3DEE-8F09-64E40D0E97BF}
		{6C83B35C-01DE-3FB0-AEA8-00BAD6488132} = {6C83B35C-01DE-3FB0-AEA8-00BAD6488132}
	EndProjectSection
EndProject
Project("{8BC9CEB8-8B4A-11D0-8D11-00A0C91BC942}") = "gamma", "glfw\tests\gamma.vcxproj", "{774E02D1-8901-3D04-9D2B-4FBA416DBBDD}"
	ProjectSection(ProjectDependencies) = postProject
		{F39ABDBD-2195-3DEE-8F09-64E40D0E97BF} = {F39ABDBD-2195-3DEE-8F09-64E40D0E97BF}
		{6C83B35C-01DE-3FB0-AEA8-00BAD6488132} = {6C83B35C-01DE-3FB0-AEA8-00BAD6488132}
	EndProjectSection
EndProject
Project("{8BC9CEB8-8B4A-11D0-8D11-00A0C91BC942}") = "gears", "glfw\examples\gears.vcxproj", "{C17838B1-8000-3C28-85FC-5E3E753D24FB}"
	ProjectSection(ProjectDependencies) = postProject
		{F39ABDBD-2195-3DEE-8F09-64E40D0E97BF} = {F39ABDBD-2195-3DEE-8F09-64E40D0E97BF}
		{6C83B35C-01DE-3FB0-AEA8-00BAD6488132} = {6C83B35C-01DE-3FB0-AEA8-00BAD6488132}
	EndProjectSection
EndProject
Project("{8BC9CEB8-8B4A-11D0-8D11-00A0C91BC942}") = "glad", "glad\glad.vcxproj", "{58699371-70CC-3AEF-9CE7-81284F27817C}"
	ProjectSection(ProjectDependencies) = postProject
		{F39ABDBD-2195-3DEE-8F09-64E40D0E97BF} = {F39ABDBD-2195-3DEE-8F09-64E40D0E97BF}
	EndProjectSection
EndProject
Project("{8BC9CEB8-8B4A-11D0-8D11-00A0C91BC942}") = "glfw", "glfw\src\glfw.vcxproj", "{6C83B35C-01DE-3FB0-AEA8-00BAD6488132}"
	ProjectSection(ProjectDependencies) = postProject
		{F39ABDBD-2195-3DEE-8F09-64E40D0E97BF} = {F39ABDBD-2195-3DEE-8F09-64E40D0E97BF}
	EndProjectSection
EndProject
Project("{8BC9CEB8-8B4A-11D0-8D11-00A0C91BC942}") = "glfwinfo", "glfw\tests\glfwinfo.vcxproj", "{F32ECF53-4E1C-31E2-8153-541DD8DD2E79}"
	ProjectSection(ProjectDependencies) = postProject
		{F39ABDBD-2195-3DEE-8F09-64E40D0E97BF} = {F39ABDBD-2195-3DEE-8F09-64E40D0E97BF}
		{6C83B35C-01DE-3FB0-AEA8-00BAD6488132} = {6C83B35C-01DE-3FB0-AEA8-00BAD6488132}
	EndProjectSection
EndProject
Project("{8BC9CEB8-8B4A-11D0-8D11-00A0C91BC942}") = "heightmap", "glfw\examples\heightmap.vcxproj", "{F1B08C77-4A86-38F7-8578-0846CDD149DB}"
	ProjectSection(ProjectDependencies) = postProject
		{F39ABDBD-2195-3DEE-8F09-64E40D0E97BF} = {F39ABDBD-2195-3DEE-8F09-64E40D0E97BF}
		{6C83B35C-01DE-3FB0-AEA8-00BAD6488132} = {6C83B35C-01DE-3FB0-AEA8-00BAD6488132}
	EndProjectSection
EndProject
Project("{8BC9CEB8-8B4A-11D0-8D11-00A0C91BC942}") = "icon", "glfw\tests\icon.vcxproj", "{C52A93C8-06A7-3344-9D0D-0874E3F22DCA}"
	ProjectSection(ProjectDependencies) = postProject
		{F39ABDBD-2195-3DEE-8F09-64E40D0E97BF} = {F39ABDBD-2195-3DEE-8F09-64E40D0E97BF}
		{6C83B35C-01DE-3FB0-AEA8-00BAD6488132} = {6C83B35C-01DE-3FB0-AEA8-00BAD6488132}
	EndProjectSection
EndProject
Project("{8BC9CEB8-8B4A-11D0-8D11-00A0C91BC942}") = "iconify", "glfw\tests\iconify.vcxproj", "{AB43B931-1718-3E40-8812-E1A2D88D7033}"
	ProjectSection(ProjectDependencies) = postProject
		{F39ABDBD-2195-3DEE-8F09-64E40D0E97BF} = {F39ABDBD-2195-3DEE-8F09-64E40D0E97BF}
		{6C83B35C-01DE-3FB0-AEA8-00BAD6488132} = {6C83B35C-01DE-3FB0-AEA8-00BAD6488132}
	EndProjectSection
EndProject
Project("{8BC9CEB8-8B4A-11D0-8D11-00A0C91BC942}") = "inputlag", "glfw\tests\inputlag.vcxproj", "{1586B54F-D442-367D-ABBD-03A54A3D2326}"
	ProjectSection(ProjectDependencies) = postProject
		{F39ABDBD-2195-3DEE-8F09-64E40D0E97BF} = {F39ABDBD-2195-3DEE-8F09-64E40D0E97BF}
		{6C83B35C-01DE-3FB0-AEA8-00BAD6488132} = {6C83B35C-01DE-3FB0-AEA8-00BAD6488132}
	EndProjectSection
EndProject
Project("{8BC9CEB8-8B4A-11D0-8D11-00A0C91BC942}") = "joysticks", "glfw\tests\joysticks.vcxproj", "{14C42B66-D773-3AAB-9792-87515F86BBEB}"
	ProjectSection(ProjectDependencies) = postProject
		{F39ABDBD-2195-3DEE-8F09-64E40D0E97BF} = {F39ABDBD-2195-3DEE-8F09-64E40D0E97BF}
		{6C83B35C-01DE-3FB0-AEA8-00BAD6488132} = {6C83B35C-01DE-3FB0-AEA8-00BAD6488132}
	EndProjectSection
EndProject
Project("{8BC9CEB8-8B4A-11D0-8D11-00A0C91BC942}") = "monitors", "glfw\tests\monitors.vcxproj", "{1A2F4927-CFF0-362F-954D-D41CE16CE6C5}"
	ProjectSection(ProjectDependencies) = postProject
		{F39ABDBD-2195-3DEE-8F09-64E40D0E97BF} = {F39ABDBD-2195-3DEE-8F09-64E40D0E97BF}
		{6C83B35C-01DE-3FB0-AEA8-00BAD6488132} = {6C83B35C-01DE-3FB0-AEA8-00BAD6488132}
	EndProjectSection
EndProject
Project("{8BC9CEB8-8B4A-11D0-8D11-00A0C91BC942}") = "msaa", "glfw\tests\msaa.vcxproj", "{6060C664-D430-3328-90E1-31B98BB4433D}"
	ProjectSection(ProjectDependencies) = postProject
		{F39ABDBD-2195-3DEE-8F09-64E40D0E97BF} = {F39ABDBD-2195-3DEE-8F09-64E40D0E97BF}
		{6C83B35C-01DE-3FB0-AEA8-00BAD6488132} = {6C83B35C-01DE-3FB0-AEA8-00BAD6488132}
	EndProjectSection
EndProject
Project("{8BC9CEB8-8B4A-11D0-8D11-00A0C91BC942}") = "offscreen", "glfw\examples\offscreen.vcxproj", "{7057A05F-02B9-336F-ABC1-7603F8E54261}"
	ProjectSection(ProjectDependencies) = postProject
		{F39ABDBD-2195-3DEE-8F09-64E40D0E97BF} = {F39ABDBD-2195-3DEE-8F09-64E40D0E97BF}
		{6C83B35C-01DE-3FB0-AEA8-00BAD6488132} = {6C83B35C-01DE-3FB0-AEA8-00BAD6488132}
	EndProjectSection
EndProject
Project("{8BC9CEB8-8B4A-11D0-8D11-00A0C91BC942}") = "opacity", "glfw\tests\opacity.vcxproj", "{12424200-15C7-3C1F-9A4E-7C41FCE42B2F}"
	ProjectSection(ProjectDependencies) = postProject
		{F39ABDBD-2195-3DEE-8F09-64E40D0E97BF} = {F39ABDBD-2195-3DEE-8F09-64E40D0E97BF}
		{6C83B35C-01DE-3FB0-AEA8-00BAD6488132} = {6C83B35C-01DE-3FB0-AEA8-00BAD6488132}
	EndProjectSection
EndProject
Project("{8BC9CEB8-8B4A-11D0-8D11-00A0C91BC942}") = "particles", "glfw\examples\particles.vcxproj", "{5FD94D52-8D10-3E4A-ABF8-D7C00ED47B22}"
	ProjectSection(ProjectDependencies) = postProject
		{F39ABDBD-2195-3DEE-8F09-64E40D0E97BF} = {F39ABDBD-2195-3DEE-8F09-64E40D0E97BF}
		{6C83B35C-01DE-3FB0-AEA8-00BAD6488132} = {6C83B35C-01DE-3FB0-AEA8-00BAD6488132}
	EndProjectSection
EndProject
Project("{8BC9CEB8-8B4A-11D0-8D11-00A0C91BC942}") = "reopen", "glfw\tests\reopen.vcxproj", "{DE3B2025-3F99-3E46-87C8-ADB1A3AF564D}"
	ProjectSection(ProjectDependencies) = postProject
		{F39ABDBD-2195-3DEE-8F09-64E40D0E97BF} = {F39ABDBD-2195-3DEE-8F09-64E40D0E97BF}
		{6C83B35C-01DE-3FB0-AEA8-00BAD6488132} = {6C83B35C-01DE-3FB0-AEA8-00BAD6488132}
	EndProjectSection
EndProject
Project("{8BC9CEB8-8B4A-11D0-8D11-00A0C91BC942}") = "sharing", "glfw\examples\sharing.vcxproj", "{3768EFA4-34DE-3EAB-BDE5-9F7D7682BDB8}"
	ProjectSection(ProjectDependencies) = postProject
		{F39ABDBD-2195-3DEE-8F09-64E40D0E97BF} = {F39ABDBD-2195-3DEE-8F09-64E40D0E97BF}
		{6C83B35C-01DE-3FB0-AEA8-00BAD6488132} = {6C83B35C-01DE-3FB0-AEA8-00BAD6488132}
	EndProjectSection
EndProject
Project("{8BC9CEB8-8B4A-11D0-8D11-00A0C91BC942}") = "simple", "glfw\examples\simple.vcxproj", "{94287FA4-0867-38B7-BB41-A93D85C744F2}"
	ProjectSection(ProjectDependencies) = postProject
		{F39ABDBD-2195-3DEE-8F09-64E40D0E97BF} = {F39ABDBD-2195-3DEE-8F09-64E40D0E97BF}
		{6C83B35C-01DE-3FB0-AEA8-00BAD6488132} = {6C83B35C-01DE-3FB0-AEA8-00BAD6488132}
	EndProjectSection
EndProject
Project("{8BC9CEB8-8B4A-11D0-8D11-00A0C91BC942}") = "splitview", "glfw\examples\splitview.vcxproj", "{DB373208-D2BA-351C-9DEB-D9B16F0F783F}"
	ProjectSection(ProjectDependencies) = postProject
		{F39ABDBD-2195-3DEE-8F09-64E40D0E97BF} = {F39ABDBD-2195-3DEE-8F09-64E40D0E97BF}
		{6C83B35C-01DE-3FB0-AEA8-00BAD6488132} = {6C83B35C-01DE-3FB0-AEA8-00BAD6488132}
	EndProjectSection
EndProject
Project("{8BC9CEB8-8B4A-11D0-8D11-00A0C91BC942}") = "stbi", "stbi\stbi.vcxproj", "{078D8607-24B6-3BE1-A706-11628FB754CA}"
	ProjectSection(ProjectDependencies) = postProject
		{F39ABDBD-2195-3DEE-8F09-64E40D0E97BF} = {F39ABDBD-2195-3DEE-8F09-64E40D0E97BF}
	EndProjectSection
EndProject
Project("{8BC9CEB8-8B4A-11D0-8D11-00A0C91BC942}") = "tearing", "glfw\tests\tearing.vcxproj", "{73D24090-70EB-33D9-86F9-68C2D2973B75}"
	ProjectSection(ProjectDependencies) = postProject
		{F39ABDBD-2195-3DEE-8F09-64E40D0E97BF} = {F39ABDBD-2195-3DEE-8F09-64E40D0E97BF}
		{6C83B35C-01DE-3FB0-AEA8-00BAD6488132} = {6C83B35C-01DE-3FB0-AEA8-00BAD6488132}
	EndProjectSection
EndProject
Project("{8BC9CEB8-8B4A-11D0-8D11-00A0C91BC942}") = "threads", "glfw\tests\threads.vcxproj", "{760B5481-4CB5-3336-84E9-9C7DCE434129}"
	ProjectSection(ProjectDependencies) = postProject
		{F39ABDBD-2195-3DEE-8F09-64E40D0E97BF} = {F39ABDBD-2195-3DEE-8F09-64E40D0E97BF}
		{6C83B35C-01DE-3FB0-AEA8-00BAD6488132} = {6C83B35C-01DE-3FB0-AEA8-00BAD6488132}
	EndProjectSection
EndProject
Project("{8BC9CEB8-8B4A-11D0-8D11-00A0C91BC942}") = "timeout", "glfw\tests\timeout.vcxproj", "{C90C7945-6B51-3F98-9623-56D929E603B6}"
	ProjectSection(ProjectDependencies) = postProject
		{F39ABDBD-2195-3DEE-8F09-64E40D0E97BF} = {F39ABDBD-2195-3DEE-8F09-64E40D0E97BF}
		{6C83B35C-01DE-3FB0-AEA8-00BAD6488132} = {6C83B35C-01DE-3FB0-AEA8-00BAD6488132}
	EndProjectSection
EndProject
Project("{8BC9CEB8-8B4A-11D0-8D11-00A0C91BC942}") = "title", "glfw\tests\title.vcxproj", "{9FF497EF-8B4C-3356-9308-2BDAA71E18A8}"
	ProjectSection(ProjectDependencies) = postProject
		{F39ABDBD-2195-3DEE-8F09-64E40D0E97BF} = {F39ABDBD-2195-3DEE-8F09-64E40D0E97BF}
		{6C83B35C-01DE-3FB0-AEA8-00BAD6488132} = {6C83B35C-01DE-3FB0-AEA8-00BAD6488132}
	EndProjectSection
EndProject
Project("{8BC9CEB8-8B4A-11D0-8D11-00A0C91BC942}") = "triangle-vulkan", "glfw\tests\triangle-vulkan.vcxproj", "{5CCDF1FD-038F-3518-8AE1-6CAC49146E61}"
	ProjectSection(ProjectDependencies) = postProject
		{F39ABDBD-2195-3DEE-8F09-64E40D0E97BF} = {F39ABDBD-2195-3DEE-8F09-64E40D0E97BF}
		{6C83B35C-01DE-3FB0-AEA8-00BAD6488132} = {6C83B35C-01DE-3FB0-AEA8-00BAD6488132}
	EndProjectSection
EndProject
Project("{8BC9CEB8-8B4A-11D0-8D11-00A0C91BC942}") = "uninstall", "glfw\uninstall.vcxproj", "{65922B21-1B5E-345B-8D20-A8CB1DB11AFC}"
	ProjectSection(ProjectDependencies) = postProject
		{F39ABDBD-2195-3DEE-8F09-64E40D0E97BF} = {F39ABDBD-2195-3DEE-8F09-64E40D0E97BF}
	EndProjectSection
EndProject
Project("{8BC9CEB8-8B4A-11D0-8D11-00A0C91BC942}") = "update_mappings", "glfw\src\update_mappings.vcxproj", "{894834E4-944B-374B-81DC-A76FC42C7534}"
	ProjectSection(ProjectDependencies) = postProject
		{F39ABDBD-2195-3DEE-8F09-64E40D0E97BF} = {F39ABDBD-2195-3DEE-8F09-64E40D0E97BF}
	EndProjectSection
EndProject
Project("{8BC9CEB8-8B4A-11D0-8D11-00A0C91BC942}") = "valor_lib", "Valor\valor_lib.vcxproj", "{8B5FB507-1607-3C86-A467-8F6A38B52D94}"
	ProjectSection(ProjectDependencies) = postProject
		{F39ABDBD-2195-3DEE-8F09-64E40D0E97BF} = {F39ABDBD-2195-3DEE-8F09-64E40D0E97BF}
		{58699371-70CC-3AEF-9CE7-81284F27817C} = {58699371-70CC-3AEF-9CE7-81284F27817C}
		{6C83B35C-01DE-3FB0-AEA8-00BAD6488132} = {6C83B35C-01DE-3FB0-AEA8-00BAD6488132}
		{078D8607-24B6-3BE1-A706-11628FB754CA} = {078D8607-24B6-3BE1-A706-11628FB754CA}
	EndProjectSection
EndProject
Project("{8BC9CEB8-8B4A-11D0-8D11-00A0C91BC942}") = "wave", "glfw\examples\wave.vcxproj", "{3C20EAA1-4F08-34D8-9CAA-6DA676F9EB59}"
	ProjectSection(ProjectDependencies) = postProject
		{F39ABDBD-2195-3DEE-8F09-64E40D0E97BF} = {F39ABDBD-2195-3DEE-8F09-64E40D0E97BF}
		{6C83B35C-01DE-3FB0-AEA8-00BAD6488132} = {6C83B35C-01DE-3FB0-AEA8-00BAD6488132}
	EndProjectSection
EndProject
Project("{8BC9CEB8-8B4A-11D0-8D11-00A0C91BC942}") = "windows", "glfw\tests\windows.vcxproj", "{C8E238DA-3C6F-3462-B061-229A183BEF0B}"
	ProjectSection(ProjectDependencies) = postProject
		{F39ABDBD-2195-3DEE-8F09-64E40D0E97BF} = {F39ABDBD-2195-3DEE-8F09-64E40D0E97BF}
		{6C83B35C-01DE-3FB0-AEA8-00BAD6488132} = {6C83B35C-01DE-3FB0-AEA8-00BAD6488132}
	EndProjectSection
EndProject
Global
	GlobalSection(SolutionConfigurationPlatforms) = preSolution
		Debug|x64 = Debug|x64
		Release|x64 = Release|x64
		MinSizeRel|x64 = MinSizeRel|x64
		RelWithDebInfo|x64 = RelWithDebInfo|x64
	EndGlobalSection
	GlobalSection(ProjectConfigurationPlatforms) = postSolution
		{E3751CD4-F1D9-316C-B94C-FB21E75DDCAD}.Debug|x64.ActiveCfg = Debug|x64
		{E3751CD4-F1D9-316C-B94C-FB21E75DDCAD}.Debug|x64.Build.0 = Debug|x64
		{E3751CD4-F1D9-316C-B94C-FB21E75DDCAD}.Release|x64.ActiveCfg = Release|x64
		{E3751CD4-F1D9-316C-B94C-FB21E75DDCAD}.Release|x64.Build.0 = Release|x64
		{E3751CD4-F1D9-316C-B94C-FB21E75DDCAD}.MinSizeRel|x64.ActiveCfg = MinSizeRel|x64
		{E3751CD4-F1D9-316C-B94C-FB21E75DDCAD}.MinSizeRel|x64.Build.0 = MinSizeRel|x64
		{E3751CD4-F1D9-316C-B94C-FB21E75DDCAD}.RelWithDebInfo|x64.ActiveCfg = RelWithDebInfo|x64
		{E3751CD4-F1D9-316C-B94C-FB21E75DDCAD}.RelWithDebInfo|x64.Build.0 = RelWithDebInfo|x64
		{6D7454F7-C2CB-3B54-958D-5207DDB5183F}.Debug|x64.ActiveCfg = Debug|x64
		{6D7454F7-C2CB-3B54-958D-5207DDB5183F}.Debug|x64.Build.0 = Debug|x64
		{6D7454F7-C2CB-3B54-958D-5207DDB5183F}.Release|x64.ActiveCfg = Release|x64
		{6D7454F7-C2CB-3B54-958D-5207DDB5183F}.Release|x64.Build.0 = Release|x64
		{6D7454F7-C2CB-3B54-958D-5207DDB5183F}.MinSizeRel|x64.ActiveCfg = MinSizeRel|x64
		{6D7454F7-C2CB-3B54-958D-5207DDB5183F}.MinSizeRel|x64.Build.0 = MinSizeRel|x64
		{6D7454F7-C2CB-3B54-958D-5207DDB5183F}.RelWithDebInfo|x64.ActiveCfg = RelWithDebInfo|x64
		{6D7454F7-C2CB-3B54-958D-5207DDB5183F}.RelWithDebInfo|x64.Build.0 = RelWithDebInfo|x64
		{21B450BF-EB83-35A3-98E8-197F4B41E0BF}.Debug|x64.ActiveCfg = Debug|x64
		{21B450BF-EB83-35A3-98E8-197F4B41E0BF}.Release|x64.ActiveCfg = Release|x64
		{21B450BF-EB83-35A3-98E8-197F4B41E0BF}.MinSizeRel|x64.ActiveCfg = MinSizeRel|x64
		{21B450BF-EB83-35A3-98E8-197F4B41E0BF}.RelWithDebInfo|x64.ActiveCfg = RelWithDebInfo|x64
		{F39ABDBD-2195-3DEE-8F09-64E40D0E97BF}.Debug|x64.ActiveCfg = Debug|x64
		{F39ABDBD-2195-3DEE-8F09-64E40D0E97BF}.Debug|x64.Build.0 = Debug|x64
		{F39ABDBD-2195-3DEE-8F09-64E40D0E97BF}.Release|x64.ActiveCfg = Release|x64
		{F39ABDBD-2195-3DEE-8F09-64E40D0E97BF}.Release|x64.Build.0 = Release|x64
		{F39ABDBD-2195-3DEE-8F09-64E40D0E97BF}.MinSizeRel|x64.ActiveCfg = MinSizeRel|x64
		{F39ABDBD-2195-3DEE-8F09-64E40D0E97BF}.MinSizeRel|x64.Build.0 = MinSizeRel|x64
		{F39ABDBD-2195-3DEE-8F09-64E40D0E97BF}.RelWithDebInfo|x64.ActiveCfg = RelWithDebInfo|x64
		{F39ABDBD-2195-3DEE-8F09-64E40D0E97BF}.RelWithDebInfo|x64.Build.0 = RelWithDebInfo|x64
		{91EA7FF3-761D-3F74-91EF-0FF0DF9511AC}.Debug|x64.ActiveCfg = Debug|x64
		{91EA7FF3-761D-3F74-91EF-0FF0DF9511AC}.Debug|x64.Build.0 = Debug|x64
		{91EA7FF3-761D-3F74-91EF-0FF0DF9511AC}.Release|x64.ActiveCfg = Release|x64
		{91EA7FF3-761D-3F74-91EF-0FF0DF9511AC}.Release|x64.Build.0 = Release|x64
		{91EA7FF3-761D-3F74-91EF-0FF0DF9511AC}.MinSizeRel|x64.ActiveCfg = MinSizeRel|x64
		{91EA7FF3-761D-3F74-91EF-0FF0DF9511AC}.MinSizeRel|x64.Build.0 = MinSizeRel|x64
		{91EA7FF3-761D-3F74-91EF-0FF0DF9511AC}.RelWithDebInfo|x64.ActiveCfg = RelWithDebInfo|x64
		{91EA7FF3-761D-3F74-91EF-0FF0DF9511AC}.RelWithDebInfo|x64.Build.0 = RelWithDebInfo|x64
		{37D3FD2B-CA97-3F4D-8FD1-E127C572239F}.Debug|x64.ActiveCfg = Debug|x64
		{37D3FD2B-CA97-3F4D-8FD1-E127C572239F}.Debug|x64.Build.0 = Debug|x64
		{37D3FD2B-CA97-3F4D-8FD1-E127C572239F}.Release|x64.ActiveCfg = Release|x64
		{37D3FD2B-CA97-3F4D-8FD1-E127C572239F}.Release|x64.Build.0 = Release|x64
		{37D3FD2B-CA97-3F4D-8FD1-E127C572239F}.MinSizeRel|x64.ActiveCfg = MinSizeRel|x64
		{37D3FD2B-CA97-3F4D-8FD1-E127C572239F}.MinSizeRel|x64.Build.0 = MinSizeRel|x64
		{37D3FD2B-CA97-3F4D-8FD1-E127C572239F}.RelWithDebInfo|x64.ActiveCfg = RelWithDebInfo|x64
		{37D3FD2B-CA97-3F4D-8FD1-E127C572239F}.RelWithDebInfo|x64.Build.0 = RelWithDebInfo|x64
		{C83AD1DF-28A8-3014-9558-4A439C49384E}.Debug|x64.ActiveCfg = Debug|x64
		{C83AD1DF-28A8-3014-9558-4A439C49384E}.Debug|x64.Build.0 = Debug|x64
		{C83AD1DF-28A8-3014-9558-4A439C49384E}.Release|x64.ActiveCfg = Release|x64
		{C83AD1DF-28A8-3014-9558-4A439C49384E}.Release|x64.Build.0 = Release|x64
		{C83AD1DF-28A8-3014-9558-4A439C49384E}.MinSizeRel|x64.ActiveCfg = MinSizeRel|x64
		{C83AD1DF-28A8-3014-9558-4A439C49384E}.MinSizeRel|x64.Build.0 = MinSizeRel|x64
		{C83AD1DF-28A8-3014-9558-4A439C49384E}.RelWithDebInfo|x64.ActiveCfg = RelWithDebInfo|x64
		{C83AD1DF-28A8-3014-9558-4A439C49384E}.RelWithDebInfo|x64.Build.0 = RelWithDebInfo|x64
		{BA247D44-23BF-3FD6-A9B4-5BE193C0AF65}.Debug|x64.ActiveCfg = Debug|x64
		{BA247D44-23BF-3FD6-A9B4-5BE193C0AF65}.Debug|x64.Build.0 = Debug|x64
		{BA247D44-23BF-3FD6-A9B4-5BE193C0AF65}.Release|x64.ActiveCfg = Release|x64
		{BA247D44-23BF-3FD6-A9B4-5BE193C0AF65}.Release|x64.Build.0 = Release|x64
		{BA247D44-23BF-3FD6-A9B4-5BE193C0AF65}.MinSizeRel|x64.ActiveCfg = MinSizeRel|x64
		{BA247D44-23BF-3FD6-A9B4-5BE193C0AF65}.MinSizeRel|x64.Build.0 = MinSizeRel|x64
		{BA247D44-23BF-3FD6-A9B4-5BE193C0AF65}.RelWithDebInfo|x64.ActiveCfg = RelWithDebInfo|x64
		{BA247D44-23BF-3FD6-A9B4-5BE193C0AF65}.RelWithDebInfo|x64.Build.0 = RelWithDebInfo|x64
		{55B46E12-8387-39A8-A221-3F50086F23C9}.Debug|x64.ActiveCfg = Debug|x64
		{55B46E12-8387-39A8-A221-3F50086F23C9}.Debug|x64.Build.0 = Debug|x64
		{55B46E12-8387-39A8-A221-3F50086F23C9}.Release|x64.ActiveCfg = Release|x64
		{55B46E12-8387-39A8-A221-3F50086F23C9}.Release|x64.Build.0 = Release|x64
		{55B46E12-8387-39A8-A221-3F50086F23C9}.MinSizeRel|x64.ActiveCfg = MinSizeRel|x64
		{55B46E12-8387-39A8-A221-3F50086F23C9}.MinSizeRel|x64.Build.0 = MinSizeRel|x64
		{55B46E12-8387-39A8-A221-3F50086F23C9}.RelWithDebInfo|x64.ActiveCfg = RelWithDebInfo|x64
		{55B46E12-8387-39A8-A221-3F50086F23C9}.RelWithDebInfo|x64.Build.0 = RelWithDebInfo|x64
		{774E02D1-8901-3D04-9D2B-4FBA416DBBDD}.Debug|x64.ActiveCfg = Debug|x64
		{774E02D1-8901-3D04-9D2B-4FBA416DBBDD}.Debug|x64.Build.0 = Debug|x64
		{774E02D1-8901-3D04-9D2B-4FBA416DBBDD}.Release|x64.ActiveCfg = Release|x64
		{774E02D1-8901-3D04-9D2B-4FBA416DBBDD}.Release|x64.Build.0 = Release|x64
		{774E02D1-8901-3D04-9D2B-4FBA416DBBDD}.MinSizeRel|x64.ActiveCfg = MinSizeRel|x64
		{774E02D1-8901-3D04-9D2B-4FBA416DBBDD}.MinSizeRel|x64.Build.0 = MinSizeRel|x64
		{774E02D1-8901-3D04-9D2B-4FBA416DBBDD}.RelWithDebInfo|x64.ActiveCfg = RelWithDebInfo|x64
		{774E02D1-8901-3D04-9D2B-4FBA416DBBDD}.RelWithDebInfo|x64.Build.0 = RelWithDebInfo|x64
		{C17838B1-8000-3C28-85FC-5E3E753D24FB}.Debug|x64.ActiveCfg = Debug|x64
		{C17838B1-8000-3C28-85FC-5E3E753D24FB}.Debug|x64.Build.0 = Debug|x64
		{C17838B1-8000-3C28-85FC-5E3E753D24FB}.Release|x64.ActiveCfg = Release|x64
		{C17838B1-8000-3C28-85FC-5E3E753D24FB}.Release|x64.Build.0 = Release|x64
		{C17838B1-8000-3C28-85FC-5E3E753D24FB}.MinSizeRel|x64.ActiveCfg = MinSizeRel|x64
		{C17838B1-8000-3C28-85FC-5E3E753D24FB}.MinSizeRel|x64.Build.0 = MinSizeRel|x64
		{C17838B1-8000-3C28-85FC-5E3E753D24FB}.RelWithDebInfo|x64.ActiveCfg = RelWithDebInfo|x64
		{C17838B1-8000-3C28-85FC-5E3E753D24FB}.RelWithDebInfo|x64.Build.0 = RelWithDebInfo|x64
		{58699371-70CC-3AEF-9CE7-81284F27817C}.Debug|x64.ActiveCfg = Debug|x64
		{58699371-70CC-3AEF-9CE7-81284F27817C}.Debug|x64.Build.0 = Debug|x64
		{58699371-70CC-3AEF-9CE7-81284F27817C}.Release|x64.ActiveCfg = Release|x64
		{58699371-70CC-3AEF-9CE7-81284F27817C}.Release|x64.Build.0 = Release|x64
		{58699371-70CC-3AEF-9CE7-81284F27817C}.MinSizeRel|x64.ActiveCfg = MinSizeRel|x64
		{58699371-70CC-3AEF-9CE7-81284F27817C}.MinSizeRel|x64.Build.0 = MinSizeRel|x64
		{58699371-70CC-3AEF-9CE7-81284F27817C}.RelWithDebInfo|x64.ActiveCfg = RelWithDebInfo|x64
		{58699371-70CC-3AEF-9CE7-81284F27817C}.RelWithDebInfo|x64.Build.0 = RelWithDebInfo|x64
		{6C83B35C-01DE-3FB0-AEA8-00BAD6488132}.Debug|x64.ActiveCfg = Debug|x64
		{6C83B35C-01DE-3FB0-AEA8-00BAD6488132}.Debug|x64.Build.0 = Debug|x64
		{6C83B35C-01DE-3FB0-AEA8-00BAD6488132}.Release|x64.ActiveCfg = Release|x64
		{6C83B35C-01DE-3FB0-AEA8-00BAD6488132}.Release|x64.Build.0 = Release|x64
		{6C83B35C-01DE-3FB0-AEA8-00BAD6488132}.MinSizeRel|x64.ActiveCfg = MinSizeRel|x64
		{6C83B35C-01DE-3FB0-AEA8-00BAD6488132}.MinSizeRel|x64.Build.0 = MinSizeRel|x64
		{6C83B35C-01DE-3FB0-AEA8-00BAD6488132}.RelWithDebInfo|x64.ActiveCfg = RelWithDebInfo|x64
		{6C83B35C-01DE-3FB0-AEA8-00BAD6488132}.RelWithDebInfo|x64.Build.0 = RelWithDebInfo|x64
		{F32ECF53-4E1C-31E2-8153-541DD8DD2E79}.Debug|x64.ActiveCfg = Debug|x64
		{F32ECF53-4E1C-31E2-8153-541DD8DD2E79}.Debug|x64.Build.0 = Debug|x64
		{F32ECF53-4E1C-31E2-8153-541DD8DD2E79}.Release|x64.ActiveCfg = Release|x64
		{F32ECF53-4E1C-31E2-8153-541DD8DD2E79}.Release|x64.Build.0 = Release|x64
		{F32ECF53-4E1C-31E2-8153-541DD8DD2E79}.MinSizeRel|x64.ActiveCfg = MinSizeRel|x64
		{F32ECF53-4E1C-31E2-8153-541DD8DD2E79}.MinSizeRel|x64.Build.0 = MinSizeRel|x64
		{F32ECF53-4E1C-31E2-8153-541DD8DD2E79}.RelWithDebInfo|x64.ActiveCfg = RelWithDebInfo|x64
		{F32ECF53-4E1C-31E2-8153-541DD8DD2E79}.RelWithDebInfo|x64.Build.0 = RelWithDebInfo|x64
		{F1B08C77-4A86-38F7-8578-0846CDD149DB}.Debug|x64.ActiveCfg = Debug|x64
		{F1B08C77-4A86-38F7-8578-0846CDD149DB}.Debug|x64.Build.0 = Debug|x64
		{F1B08C77-4A86-38F7-8578-0846CDD149DB}.Release|x64.ActiveCfg = Release|x64
		{F1B08C77-4A86-38F7-8578-0846CDD149DB}.Release|x64.Build.0 = Release|x64
		{F1B08C77-4A86-38F7-8578-0846CDD149DB}.MinSizeRel|x64.ActiveCfg = MinSizeRel|x64
		{F1B08C77-4A86-38F7-8578-0846CDD149DB}.MinSizeRel|x64.Build.0 = MinSizeRel|x64
		{F1B08C77-4A86-38F7-8578-0846CDD149DB}.RelWithDebInfo|x64.ActiveCfg = RelWithDebInfo|x64
		{F1B08C77-4A86-38F7-8578-0846CDD149DB}.RelWithDebInfo|x64.Build.0 = RelWithDebInfo|x64
		{C52A93C8-06A7-3344-9D0D-0874E3F22DCA}.Debug|x64.ActiveCfg = Debug|x64
		{C52A93C8-06A7-3344-9D0D-0874E3F22DCA}.Debug|x64.Build.0 = Debug|x64
		{C52A93C8-06A7-3344-9D0D-0874E3F22DCA}.Release|x64.ActiveCfg = Release|x64
		{C52A93C8-06A7-3344-9D0D-0874E3F22DCA}.Release|x64.Build.0 = Release|x64
		{C52A93C8-06A7-3344-9D0D-0874E3F22DCA}.MinSizeRel|x64.ActiveCfg = MinSizeRel|x64
		{C52A93C8-06A7-3344-9D0D-0874E3F22DCA}.MinSizeRel|x64.Build.0 = MinSizeRel|x64
		{C52A93C8-06A7-3344-9D0D-0874E3F22DCA}.RelWithDebInfo|x64.ActiveCfg = RelWithDebInfo|x64
		{C52A93C8-06A7-3344-9D0D-0874E3F22DCA}.RelWithDebInfo|x64.Build.0 = RelWithDebInfo|x64
		{AB43B931-1718-3E40-8812-E1A2D88D7033}.Debug|x64.ActiveCfg = Debug|x64
		{AB43B931-1718-3E40-8812-E1A2D88D7033}.Debug|x64.Build.0 = Debug|x64
		{AB43B931-1718-3E40-8812-E1A2D88D7033}.Release|x64.ActiveCfg = Release|x64
		{AB43B931-1718-3E40-8812-E1A2D88D7033}.Release|x64.Build.0 = Release|x64
		{AB43B931-1718-3E40-8812-E1A2D88D7033}.MinSizeRel|x64.ActiveCfg = MinSizeRel|x64
		{AB43B931-1718-3E40-8812-E1A2D88D7033}.MinSizeRel|x64.Build.0 = MinSizeRel|x64
		{AB43B931-1718-3E40-8812-E1A2D88D7033}.RelWithDebInfo|x64.ActiveCfg = RelWithDebInfo|x64
		{AB43B931-1718-3E40-8812-E1A2D88D7033}.RelWithDebInfo|x64.Build.0 = RelWithDebInfo|x64
		{1586B54F-D442-367D-ABBD-03A54A3D2326}.Debug|x64.ActiveCfg = Debug|x64
		{1586B54F-D442-367D-ABBD-03A54A3D2326}.Debug|x64.Build.0 = Debug|x64
		{1586B54F-D442-367D-ABBD-03A54A3D2326}.Release|x64.ActiveCfg = Release|x64
		{1586B54F-D442-367D-ABBD-03A54A3D2326}.Release|x64.Build.0 = Release|x64
		{1586B54F-D442-367D-ABBD-03A54A3D2326}.MinSizeRel|x64.ActiveCfg = MinSizeRel|x64
		{1586B54F-D442-367D-ABBD-03A54A3D2326}.MinSizeRel|x64.Build.0 = MinSizeRel|x64
		{1586B54F-D442-367D-ABBD-03A54A3D2326}.RelWithDebInfo|x64.ActiveCfg = RelWithDebInfo|x64
		{1586B54F-D442-367D-ABBD-03A54A3D2326}.RelWithDebInfo|x64.Build.0 = RelWithDebInfo|x64
		{14C42B66-D773-3AAB-9792-87515F86BBEB}.Debug|x64.ActiveCfg = Debug|x64
		{14C42B66-D773-3AAB-9792-87515F86BBEB}.Debug|x64.Build.0 = Debug|x64
		{14C42B66-D773-3AAB-9792-87515F86BBEB}.Release|x64.ActiveCfg = Release|x64
		{14C42B66-D773-3AAB-9792-87515F86BBEB}.Release|x64.Build.0 = Release|x64
		{14C42B66-D773-3AAB-9792-87515F86BBEB}.MinSizeRel|x64.ActiveCfg = MinSizeRel|x64
		{14C42B66-D773-3AAB-9792-87515F86BBEB}.MinSizeRel|x64.Build.0 = MinSizeRel|x64
		{14C42B66-D773-3AAB-9792-87515F86BBEB}.RelWithDebInfo|x64.ActiveCfg = RelWithDebInfo|x64
		{14C42B66-D773-3AAB-9792-87515F86BBEB}.RelWithDebInfo|x64.Build.0 = RelWithDebInfo|x64
		{1A2F4927-CFF0-362F-954D-D41CE16CE6C5}.Debug|x64.ActiveCfg = Debug|x64
		{1A2F4927-CFF0-362F-954D-D41CE16CE6C5}.Debug|x64.Build.0 = Debug|x64
		{1A2F4927-CFF0-362F-954D-D41CE16CE6C5}.Release|x64.ActiveCfg = Release|x64
		{1A2F4927-CFF0-362F-954D-D41CE16CE6C5}.Release|x64.Build.0 = Release|x64
		{1A2F4927-CFF0-362F-954D-D41CE16CE6C5}.MinSizeRel|x64.ActiveCfg = MinSizeRel|x64
		{1A2F4927-CFF0-362F-954D-D41CE16CE6C5}.MinSizeRel|x64.Build.0 = MinSizeRel|x64
		{1A2F4927-CFF0-362F-954D-D41CE16CE6C5}.RelWithDebInfo|x64.ActiveCfg = RelWithDebInfo|x64
		{1A2F4927-CFF0-362F-954D-D41CE16CE6C5}.RelWithDebInfo|x64.Build.0 = RelWithDebInfo|x64
		{6060C664-D430-3328-90E1-31B98BB4433D}.Debug|x64.ActiveCfg = Debug|x64
		{6060C664-D430-3328-90E1-31B98BB4433D}.Debug|x64.Build.0 = Debug|x64
		{6060C664-D430-3328-90E1-31B98BB4433D}.Release|x64.ActiveCfg = Release|x64
		{6060C664-D430-3328-90E1-31B98BB4433D}.Release|x64.Build.0 = Release|x64
		{6060C664-D430-3328-90E1-31B98BB4433D}.MinSizeRel|x64.ActiveCfg = MinSizeRel|x64
		{6060C664-D430-3328-90E1-31B98BB4433D}.MinSizeRel|x64.Build.0 = MinSizeRel|x64
		{6060C664-D430-3328-90E1-31B98BB4433D}.RelWithDebInfo|x64.ActiveCfg = RelWithDebInfo|x64
		{6060C664-D430-3328-90E1-31B98BB4433D}.RelWithDebInfo|x64.Build.0 = RelWithDebInfo|x64
		{7057A05F-02B9-336F-ABC1-7603F8E54261}.Debug|x64.ActiveCfg = Debug|x64
		{7057A05F-02B9-336F-ABC1-7603F8E54261}.Debug|x64.Build.0 = Debug|x64
		{7057A05F-02B9-336F-ABC1-7603F8E54261}.Release|x64.ActiveCfg = Release|x64
		{7057A05F-02B9-336F-ABC1-7603F8E54261}.Release|x64.Build.0 = Release|x64
		{7057A05F-02B9-336F-ABC1-7603F8E54261}.MinSizeRel|x64.ActiveCfg = MinSizeRel|x64
		{7057A05F-02B9-336F-ABC1-7603F8E54261}.MinSizeRel|x64.Build.0 = MinSizeRel|x64
		{7057A05F-02B9-336F-ABC1-7603F8E54261}.RelWithDebInfo|x64.ActiveCfg = RelWithDebInfo|x64
		{7057A05F-02B9-336F-ABC1-7603F8E54261}.RelWithDebInfo|x64.Build.0 = RelWithDebInfo|x64
		{12424200-15C7-3C1F-9A4E-7C41FCE42B2F}.Debug|x64.ActiveCfg = Debug|x64
		{12424200-15C7-3C1F-9A4E-7C41FCE42B2F}.Debug|x64.Build.0 = Debug|x64
		{12424200-15C7-3C1F-9A4E-7C41FCE42B2F}.Release|x64.ActiveCfg = Release|x64
		{12424200-15C7-3C1F-9A4E-7C41FCE42B2F}.Release|x64.Build.0 = Release|x64
		{12424200-15C7-3C1F-9A4E-7C41FCE42B2F}.MinSizeRel|x64.ActiveCfg = MinSizeRel|x64
		{12424200-15C7-3C1F-9A4E-7C41FCE42B2F}.MinSizeRel|x64.Build.0 = MinSizeRel|x64
		{12424200-15C7-3C1F-9A4E-7C41FCE42B2F}.RelWithDebInfo|x64.ActiveCfg = RelWithDebInfo|x64
		{12424200-15C7-3C1F-9A4E-7C41FCE42B2F}.RelWithDebInfo|x64.Build.0 = RelWithDebInfo|x64
		{5FD94D52-8D10-3E4A-ABF8-D7C00ED47B22}.Debug|x64.ActiveCfg = Debug|x64
		{5FD94D52-8D10-3E4A-ABF8-D7C00ED47B22}.Debug|x64.Build.0 = Debug|x64
		{5FD94D52-8D10-3E4A-ABF8-D7C00ED47B22}.Release|x64.ActiveCfg = Release|x64
		{5FD94D52-8D10-3E4A-ABF8-D7C00ED47B22}.Release|x64.Build.0 = Release|x64
		{5FD94D52-8D10-3E4A-ABF8-D7C00ED47B22}.MinSizeRel|x64.ActiveCfg = MinSizeRel|x64
		{5FD94D52-8D10-3E4A-ABF8-D7C00ED47B22}.MinSizeRel|x64.Build.0 = MinSizeRel|x64
		{5FD94D52-8D10-3E4A-ABF8-D7C00ED47B22}.RelWithDebInfo|x64.ActiveCfg = RelWithDebInfo|x64
		{5FD94D52-8D10-3E4A-ABF8-D7C00ED47B22}.RelWithDebInfo|x64.Build.0 = RelWithDebInfo|x64
		{DE3B2025-3F99-3E46-87C8-ADB1A3AF564D}.Debug|x64.ActiveCfg = Debug|x64
		{DE3B2025-3F99-3E46-87C8-ADB1A3AF564D}.Debug|x64.Build.0 = Debug|x64
		{DE3B2025-3F99-3E46-87C8-ADB1A3AF564D}.Release|x64.ActiveCfg = Release|x64
		{DE3B2025-3F99-3E46-87C8-ADB1A3AF564D}.Release|x64.Build.0 = Release|x64
		{DE3B2025-3F99-3E46-87C8-ADB1A3AF564D}.MinSizeRel|x64.ActiveCfg = MinSizeRel|x64
		{DE3B2025-3F99-3E46-87C8-ADB1A3AF564D}.MinSizeRel|x64.Build.0 = MinSizeRel|x64
		{DE3B2025-3F99-3E46-87C8-ADB1A3AF564D}.RelWithDebInfo|x64.ActiveCfg = RelWithDebInfo|x64
		{DE3B2025-3F99-3E46-87C8-ADB1A3AF564D}.RelWithDebInfo|x64.Build.0 = RelWithDebInfo|x64
		{3768EFA4-34DE-3EAB-BDE5-9F7D7682BDB8}.Debug|x64.ActiveCfg = Debug|x64
		{3768EFA4-34DE-3EAB-BDE5-9F7D7682BDB8}.Debug|x64.Build.0 = Debug|x64
		{3768EFA4-34DE-3EAB-BDE5-9F7D7682BDB8}.Release|x64.ActiveCfg = Release|x64
		{3768EFA4-34DE-3EAB-BDE5-9F7D7682BDB8}.Release|x64.Build.0 = Release|x64
		{3768EFA4-34DE-3EAB-BDE5-9F7D7682BDB8}.MinSizeRel|x64.ActiveCfg = MinSizeRel|x64
		{3768EFA4-34DE-3EAB-BDE5-9F7D7682BDB8}.MinSizeRel|x64.Build.0 = MinSizeRel|x64
		{3768EFA4-34DE-3EAB-BDE5-9F7D7682BDB8}.RelWithDebInfo|x64.ActiveCfg = RelWithDebInfo|x64
		{3768EFA4-34DE-3EAB-BDE5-9F7D7682BDB8}.RelWithDebInfo|x64.Build.0 = RelWithDebInfo|x64
		{94287FA4-0867-38B7-BB41-A93D85C744F2}.Debug|x64.ActiveCfg = Debug|x64
		{94287FA4-0867-38B7-BB41-A93D85C744F2}.Debug|x64.Build.0 = Debug|x64
		{94287FA4-0867-38B7-BB41-A93D85C744F2}.Release|x64.ActiveCfg = Release|x64
		{94287FA4-0867-38B7-BB41-A93D85C744F2}.Release|x64.Build.0 = Release|x64
		{94287FA4-0867-38B7-BB41-A93D85C744F2}.MinSizeRel|x64.ActiveCfg = MinSizeRel|x64
		{94287FA4-0867-38B7-BB41-A93D85C744F2}.MinSizeRel|x64.Build.0 = MinSizeRel|x64
		{94287FA4-0867-38B7-BB41-A93D85C744F2}.RelWithDebInfo|x64.ActiveCfg = RelWithDebInfo|x64
		{94287FA4-0867-38B7-BB41-A93D85C744F2}.RelWithDebInfo|x64.Build.0 = RelWithDebInfo|x64
		{DB373208-D2BA-351C-9DEB-D9B16F0F783F}.Debug|x64.ActiveCfg = Debug|x64
		{DB373208-D2BA-351C-9DEB-D9B16F0F783F}.Debug|x64.Build.0 = Debug|x64
		{DB373208-D2BA-351C-9DEB-D9B16F0F783F}.Release|x64.ActiveCfg = Release|x64
		{DB373208-D2BA-351C-9DEB-D9B16F0F783F}.Release|x64.Build.0 = Release|x64
		{DB373208-D2BA-351C-9DEB-D9B16F0F783F}.MinSizeRel|x64.ActiveCfg = MinSizeRel|x64
		{DB373208-D2BA-351C-9DEB-D9B16F0F783F}.MinSizeRel|x64.Build.0 = MinSizeRel|x64
		{DB373208-D2BA-351C-9DEB-D9B16F0F783F}.RelWithDebInfo|x64.ActiveCfg = RelWithDebInfo|x64
		{DB373208-D2BA-351C-9DEB-D9B16F0F783F}.RelWithDebInfo|x64.Build.0 = RelWithDebInfo|x64
		{078D8607-24B6-3BE1-A706-11628FB754CA}.Debug|x64.ActiveCfg = Debug|x64
		{078D8607-24B6-3BE1-A706-11628FB754CA}.Debug|x64.Build.0 = Debug|x64
		{078D8607-24B6-3BE1-A706-11628FB754CA}.Release|x64.ActiveCfg = Release|x64
		{078D8607-24B6-3BE1-A706-11628FB754CA}.Release|x64.Build.0 = Release|x64
		{078D8607-24B6-3BE1-A706-11628FB754CA}.MinSizeRel|x64.ActiveCfg = MinSizeRel|x64
		{078D8607-24B6-3BE1-A706-11628FB754CA}.MinSizeRel|x64.Build.0 = MinSizeRel|x64
		{078D8607-24B6-3BE1-A706-11628FB754CA}.RelWithDebInfo|x64.ActiveCfg = RelWithDebInfo|x64
		{078D8607-24B6-3BE1-A706-11628FB754CA}.RelWithDebInfo|x64.Build.0 = RelWithDebInfo|x64
		{73D24090-70EB-33D9-86F9-68C2D2973B75}.Debug|x64.ActiveCfg = Debug|x64
		{73D24090-70EB-33D9-86F9-68C2D2973B75}.Debug|x64.Build.0 = Debug|x64
		{73D24090-70EB-33D9-86F9-68C2D2973B75}.Release|x64.ActiveCfg = Release|x64
		{73D24090-70EB-33D9-86F9-68C2D2973B75}.Release|x64.Build.0 = Release|x64
		{73D24090-70EB-33D9-86F9-68C2D2973B75}.MinSizeRel|x64.ActiveCfg = MinSizeRel|x64
		{73D24090-70EB-33D9-86F9-68C2D2973B75}.MinSizeRel|x64.Build.0 = MinSizeRel|x64
		{73D24090-70EB-33D9-86F9-68C2D2973B75}.RelWithDebInfo|x64.ActiveCfg = RelWithDebInfo|x64
		{73D24090-70EB-33D9-86F9-68C2D2973B75}.RelWithDebInfo|x64.Build.0 = RelWithDebInfo|x64
		{760B5481-4CB5-3336-84E9-9C7DCE434129}.Debug|x64.ActiveCfg = Debug|x64
		{760B5481-4CB5-3336-84E9-9C7DCE434129}.Debug|x64.Build.0 = Debug|x64
		{760B5481-4CB5-3336-84E9-9C7DCE434129}.Release|x64.ActiveCfg = Release|x64
		{760B5481-4CB5-3336-84E9-9C7DCE434129}.Release|x64.Build.0 = Release|x64
		{760B5481-4CB5-3336-84E9-9C7DCE434129}.MinSizeRel|x64.ActiveCfg = MinSizeRel|x64
		{760B5481-4CB5-3336-84E9-9C7DCE434129}.MinSizeRel|x64.Build.0 = MinSizeRel|x64
		{760B5481-4CB5-3336-84E9-9C7DCE434129}.RelWithDebInfo|x64.ActiveCfg = RelWithDebInfo|x64
		{760B5481-4CB5-3336-84E9-9C7DCE434129}.RelWithDebInfo|x64.Build.0 = RelWithDebInfo|x64
		{C90C7945-6B51-3F98-9623-56D929E603B6}.Debug|x64.ActiveCfg = Debug|x64
		{C90C7945-6B51-3F98-9623-56D929E603B6}.Debug|x64.Build.0 = Debug|x64
		{C90C7945-6B51-3F98-9623-56D929E603B6}.Release|x64.ActiveCfg = Release|x64
		{C90C7945-6B51-3F98-9623-56D929E603B6}.Release|x64.Build.0 = Release|x64
		{C90C7945-6B51-3F98-9623-56D929E603B6}.MinSizeRel|x64.ActiveCfg = MinSizeRel|x64
		{C90C7945-6B51-3F98-9623-56D929E603B6}.MinSizeRel|x64.Build.0 = MinSizeRel|x64
		{C90C7945-6B51-3F98-9623-56D929E603B6}.RelWithDebInfo|x64.ActiveCfg = RelWithDebInfo|x64
		{C90C7945-6B51-3F98-9623-56D929E603B6}.RelWithDebInfo|x64.Build.0 = RelWithDebInfo|x64
		{9FF497EF-8B4C-3356-9308-2BDAA71E18A8}.Debug|x64.ActiveCfg = Debug|x64
		{9FF497EF-8B4C-3356-9308-2BDAA71E18A8}.Debug|x64.Build.0 = Debug|x64
		{9FF497EF-8B4C-3356-9308-2BDAA71E18A8}.Release|x64.ActiveCfg = Release|x64
		{9FF497EF-8B4C-3356-9308-2BDAA71E18A8}.Release|x64.Build.0 = Release|x64
		{9FF497EF-8B4C-3356-9308-2BDAA71E18A8}.MinSizeRel|x64.ActiveCfg = MinSizeRel|x64
		{9FF497EF-8B4C-3356-9308-2BDAA71E18A8}.MinSizeRel|x64.Build.0 = MinSizeRel|x64
		{9FF497EF-8B4C-3356-9308-2BDAA71E18A8}.RelWithDebInfo|x64.ActiveCfg = RelWithDebInfo|x64
		{9FF497EF-8B4C-3356-9308-2BDAA71E18A8}.RelWithDebInfo|x64.Build.0 = RelWithDebInfo|x64
		{5CCDF1FD-038F-3518-8AE1-6CAC49146E61}.Debug|x64.ActiveCfg = Debug|x64
		{5CCDF1FD-038F-3518-8AE1-6CAC49146E61}.Debug|x64.Build.0 = Debug|x64
		{5CCDF1FD-038F-3518-8AE1-6CAC49146E61}.Release|x64.ActiveCfg = Release|x64
		{5CCDF1FD-038F-3518-8AE1-6CAC49146E61}.Release|x64.Build.0 = Release|x64
		{5CCDF1FD-038F-3518-8AE1-6CAC49146E61}.MinSizeRel|x64.ActiveCfg = MinSizeRel|x64
		{5CCDF1FD-038F-3518-8AE1-6CAC49146E61}.MinSizeRel|x64.Build.0 = MinSizeRel|x64
		{5CCDF1FD-038F-3518-8AE1-6CAC49146E61}.RelWithDebInfo|x64.ActiveCfg = RelWithDebInfo|x64
		{5CCDF1FD-038F-3518-8AE1-6CAC49146E61}.RelWithDebInfo|x64.Build.0 = RelWithDebInfo|x64
		{65922B21-1B5E-345B-8D20-A8CB1DB11AFC}.Debug|x64.ActiveCfg = Debug|x64
		{65922B21-1B5E-345B-8D20-A8CB1DB11AFC}.Release|x64.ActiveCfg = Release|x64
		{65922B21-1B5E-345B-8D20-A8CB1DB11AFC}.MinSizeRel|x64.ActiveCfg = MinSizeRel|x64
		{65922B21-1B5E-345B-8D20-A8CB1DB11AFC}.RelWithDebInfo|x64.ActiveCfg = RelWithDebInfo|x64
		{894834E4-944B-374B-81DC-A76FC42C7534}.Debug|x64.ActiveCfg = Debug|x64
		{894834E4-944B-374B-81DC-A76FC42C7534}.Release|x64.ActiveCfg = Release|x64
		{894834E4-944B-374B-81DC-A76FC42C7534}.MinSizeRel|x64.ActiveCfg = MinSizeRel|x64
		{894834E4-944B-374B-81DC-A76FC42C7534}.RelWithDebInfo|x64.ActiveCfg = RelWithDebInfo|x64
		{8B5FB507-1607-3C86-A467-8F6A38B52D94}.Debug|x64.ActiveCfg = Debug|x64
		{8B5FB507-1607-3C86-A467-8F6A38B52D94}.Debug|x64.Build.0 = Debug|x64
		{8B5FB507-1607-3C86-A467-8F6A38B52D94}.Release|x64.ActiveCfg = Release|x64
		{8B5FB507-1607-3C86-A467-8F6A38B52D94}.Release|x64.Build.0 = Release|x64
		{8B5FB507-1607-3C86-A467-8F6A38B52D94}.MinSizeRel|x64.ActiveCfg = MinSizeRel|x64
		{8B5FB507-1607-3C86-A467-8F6A38B52D94}.MinSizeRel|x64.Build.0 = MinSizeRel|x64
		{8B5FB507-1607-3C86-A467-8F6A38B52D94}.RelWithDebInfo|x64.ActiveCfg = RelWithDebInfo|x64
		{8B5FB507-1607-3C86-A467-8F6A38B52D94}.RelWithDebInfo|x64.Build.0 = RelWithDebInfo|x64
		{3C20EAA1-4F08-34D8-9CAA-6DA676F9EB59}.Debug|x64.ActiveCfg = Debug|x64
		{3C20EAA1-4F08-34D8-9CAA-6DA676F9EB59}.Debug|x64.Build.0 = Debug|x64
		{3C20EAA1-4F08-34D8-9CAA-6DA676F9EB59}.Release|x64.ActiveCfg = Release|x64
		{3C20EAA1-4F08-34D8-9CAA-6DA676F9EB59}.Release|x64.Build.0 = Release|x64
		{3C20EAA1-4F08-34D8-9CAA-6DA676F9EB59}.MinSizeRel|x64.ActiveCfg = MinSizeRel|x64
		{3C20EAA1-4F08-34D8-9CAA-6DA676F9EB59}.MinSizeRel|x64.Build.0 = MinSizeRel|x64
		{3C20EAA1-4F08-34D8-9CAA-6DA676F9EB59}.RelWithDebInfo|x64.ActiveCfg = RelWithDebInfo|x64
		{3C20EAA1-4F08-34D8-9CAA-6DA676F9EB59}.RelWithDebInfo|x64.Build.0 = RelWithDebInfo|x64
		{C8E238DA-3C6F-3462-B061-229A183BEF0B}.Debug|x64.ActiveCfg = Debug|x64
		{C8E238DA-3C6F-3462-B061-229A183BEF0B}.Debug|x64.Build.0 = Debug|x64
		{C8E238DA-3C6F-3462-B061-229A183BEF0B}.Release|x64.ActiveCfg = Release|x64
		{C8E238DA-3C6F-3462-B061-229A183BEF0B}.Release|x64.Build.0 = Release|x64
		{C8E238DA-3C6F-3462-B061-229A183BEF0B}.MinSizeRel|x64.ActiveCfg = MinSizeRel|x64
		{C8E238DA-3C6F-3462-B061-229A183BEF0B}.MinSizeRel|x64.Build.0 = MinSizeRel|x64
		{C8E238DA-3C6F-3462-B061-229A183BEF0B}.RelWithDebInfo|x64.ActiveCfg = RelWithDebInfo|x64
		{C8E238DA-3C6F-3462-B061-229A183BEF0B}.RelWithDebInfo|x64.Build.0 = RelWithDebInfo|x64
	EndGlobalSection
	GlobalSection(NestedProjects) = preSolution
		{6D7454F7-C2CB-3B54-958D-5207DDB5183F} = {A1BAD3FD-4BC1-3A9E-8F80-D010DF7D7857}
		{21B450BF-EB83-35A3-98E8-197F4B41E0BF} = {A1BAD3FD-4BC1-3A9E-8F80-D010DF7D7857}
		{F39ABDBD-2195-3DEE-8F09-64E40D0E97BF} = {A1BAD3FD-4BC1-3A9E-8F80-D010DF7D7857}
		{529CF735-004C-312D-B4DE-816CD151E936} = {93351D27-E89B-3D3F-B8B3-F0CCF84B18DF}
		{A38E8153-0A6D-3FC3-9EEC-0AFA5FA4A860} = {93351D27-E89B-3D3F-B8B3-F0CCF84B18DF}
		{6C83B35C-01DE-3FB0-AEA8-00BAD6488132} = {93351D27-E89B-3D3F-B8B3-F0CCF84B18DF}
		{65922B21-1B5E-345B-8D20-A8CB1DB11AFC} = {93351D27-E89B-3D3F-B8B3-F0CCF84B18DF}
		{894834E4-944B-374B-81DC-A76FC42C7534} = {93351D27-E89B-3D3F-B8B3-F0CCF84B18DF}
		{91EA7FF3-761D-3F74-91EF-0FF0DF9511AC} = {529CF735-004C-312D-B4DE-816CD151E936}
		{C17838B1-8000-3C28-85FC-5E3E753D24FB} = {529CF735-004C-312D-B4DE-816CD151E936}
		{F1B08C77-4A86-38F7-8578-0846CDD149DB} = {529CF735-004C-312D-B4DE-816CD151E936}
		{7057A05F-02B9-336F-ABC1-7603F8E54261} = {529CF735-004C-312D-B4DE-816CD151E936}
		{5FD94D52-8D10-3E4A-ABF8-D7C00ED47B22} = {529CF735-004C-312D-B4DE-816CD151E936}
		{3768EFA4-34DE-3EAB-BDE5-9F7D7682BDB8} = {529CF735-004C-312D-B4DE-816CD151E936}
		{94287FA4-0867-38B7-BB41-A93D85C744F2} = {529CF735-004C-312D-B4DE-816CD151E936}
		{DB373208-D2BA-351C-9DEB-D9B16F0F783F} = {529CF735-004C-312D-B4DE-816CD151E936}
		{3C20EAA1-4F08-34D8-9CAA-6DA676F9EB59} = {529CF735-004C-312D-B4DE-816CD151E936}
		{37D3FD2B-CA97-3F4D-8FD1-E127C572239F} = {A38E8153-0A6D-3FC3-9EEC-0AFA5FA4A860}
		{C83AD1DF-28A8-3014-9558-4A439C49384E} = {A38E8153-0A6D-3FC3-9EEC-0AFA5FA4A860}
		{BA247D44-23BF-3FD6-A9B4-5BE193C0AF65} = {A38E8153-0A6D-3FC3-9EEC-0AFA5FA4A860}
		{55B46E12-8387-39A8-A221-3F50086F23C9} = {A38E8153-0A6D-3FC3-9EEC-0AFA5FA4A860}
		{774E02D1-8901-3D04-9D2B-4FBA416DBBDD} = {A38E8153-0A6D-3FC3-9EEC-0AFA5FA4A860}
		{F32ECF53-4E1C-31E2-8153-541DD8DD2E79} = {A38E8153-0A6D-3FC3-9EEC-0AFA5FA4A860}
		{C52A93C8-06A7-3344-9D0D-0874E3F22DCA} = {A38E8153-0A6D-3FC3-9EEC-0AFA5FA4A860}
		{AB43B931-1718-3E40-8812-E1A2D88D7033} = {A38E8153-0A6D-3FC3-9EEC-0AFA5FA4A860}
		{1586B54F-D442-367D-ABBD-03A54A3D2326} = {A38E8153-0A6D-3FC3-9EEC-0AFA5FA4A860}
		{14C42B66-D773-3AAB-9792-87515F86BBEB} = {A38E8153-0A6D-3FC3-9EEC-0AFA5FA4A860}
		{1A2F4927-CFF0-362F-954D-D41CE16CE6C5} = {A38E8153-0A6D-3FC3-9EEC-0AFA5FA4A860}
		{6060C664-D430-3328-90E1-31B98BB4433D} = {A38E8153-0A6D-3FC3-9EEC-0AFA5FA4A860}
		{12424200-15C7-3C1F-9A4E-7C41FCE42B2F} = {A38E8153-0A6D-3FC3-9EEC-0AFA5FA4A860}
		{DE3B2025-3F99-3E46-87C8-ADB1A3AF564D} = {A38E8153-0A6D-3FC3-9EEC-0AFA5FA4A860}
		{73D24090-70EB-33D9-86F9-68C2D2973B75} = {A38E8153-0A6D-3FC3-9EEC-0AFA5FA4A860}
		{760B5481-4CB5-3336-84E9-9C7DCE434129} = {A38E8153-0A6D-3FC3-9EEC-0AFA5FA4A860}
		{C90C7945-6B51-3F98-9623-56D929E603B6} = {A38E8153-0A6D-3FC3-9EEC-0AFA5FA4A860}
		{9FF497EF-8B4C-3356-9308-2BDAA71E18A8} = {A38E8153-0A6D-3FC3-9EEC-0AFA5FA4A860}
		{5CCDF1FD-038F-3518-8AE1-6CAC49146E61} = {A38E8153-0A6D-3FC3-9EEC-0AFA5FA4A860}
		{C8E238DA-3C6F-3462-B061-229A183BEF0B} = {A38E8153-0A6D-3FC3-9EEC-0AFA5FA4A860}
	EndGlobalSection
	GlobalSection(ExtensibilityGlobals) = postSolution
		SolutionGuid = {24FD6C94-BA2B-3208-9238-D1C5D12DF2CD}
	EndGlobalSection
	GlobalSection(ExtensibilityAddIns) = postSolution
	EndGlobalSection
EndGlobal
