
Microsoft Visual Studio Solution File, Format Version 12.00
# Visual Studio Version 16
VisualStudioVersion = 16.0.31702.278
MinimumVisualStudioVersion = 10.0.40219.1
Project("{8BC9CEB8-8B4A-11D0-8D11-00A0C91BC942}") = "MyGame", "MyGame\MyGame.vcxproj", "{204CE54B-7032-4305-92CB-458380207E21}"
EndProject
Project("{8BC9CEB8-8B4A-11D0-8D11-00A0C91BC942}") = "Valor", "Valor\Valor.vcxproj", "{CA7C630C-C13F-4567-A9FA-FCC060366CBA}"
EndProject
Global
	GlobalSection(SolutionConfigurationPlatforms) = preSolution
		Debug|x64 = Debug|x64
		Debug|x86 = Debug|x86
		Release|x64 = Release|x64
		Release|x86 = Release|x86
	EndGlobalSection
	GlobalSection(ProjectConfigurationPlatforms) = postSolution
		{204CE54B-7032-4305-92CB-458380207E21}.Debug|x64.ActiveCfg = Debug|x64
		{204CE54B-7032-4305-92CB-458380207E21}.Debug|x64.Build.0 = Debug|x64
		{204CE54B-7032-4305-92CB-458380207E21}.Debug|x86.ActiveCfg = Debug|Win32
		{204CE54B-7032-4305-92CB-458380207E21}.Debug|x86.Build.0 = Debug|Win32
		{204CE54B-7032-4305-92CB-458380207E21}.Release|x64.ActiveCfg = Release|x64
		{204CE54B-7032-4305-92CB-458380207E21}.Release|x64.Build.0 = Release|x64
		{204CE54B-7032-4305-92CB-458380207E21}.Release|x86.ActiveCfg = Release|Win32
		{204CE54B-7032-4305-92CB-458380207E21}.Release|x86.Build.0 = Release|Win32
		{CA7C630C-C13F-4567-A9FA-FCC060366CBA}.Debug|x64.ActiveCfg = Debug|x64
		{CA7C630C-C13F-4567-A9FA-FCC060366CBA}.Debug|x64.Build.0 = Debug|x64
		{CA7C630C-C13F-4567-A9FA-FCC060366CBA}.Debug|x86.ActiveCfg = Debug|Win32
		{CA7C630C-C13F-4567-A9FA-FCC060366CBA}.Debug|x86.Build.0 = Debug|Win32
		{CA7C630C-C13F-4567-A9FA-FCC060366CBA}.Release|x64.ActiveCfg = Release|x64
		{CA7C630C-C13F-4567-A9FA-FCC060366CBA}.Release|x64.Build.0 = Release|x64
		{CA7C630C-C13F-4567-A9FA-FCC060366CBA}.Release|x86.ActiveCfg = Release|Win32
		{CA7C630C-C13F-4567-A9FA-FCC060366CBA}.Release|x86.Build.0 = Release|Win32
	EndGlobalSection
	GlobalSection(SolutionProperties) = preSolution
		HideSolutionNode = FALSE
	EndGlobalSection
	GlobalSection(ExtensibilityGlobals) = postSolution
		SolutionGuid = {945DAA85-EDAA-4DE4-94A0-E341384545E9}
	EndGlobalSection
EndGlobal
