
Microsoft Visual Studio Solution File, Format Version 12.00
# Visual Studio Version 16
VisualStudioVersion = 16.0.31702.278
MinimumVisualStudioVersion = 10.0.40219.1
Project("{8BC9CEB8-8B4A-11D0-8D11-00A0C91BC942}") = "MyGame", "MyGame\MyGame.vcxproj", "{204CE54B-7032-4305-92CB-458380207E21}"
EndProject
Project("{8BC9CEB8-8B4A-11D0-8D11-00A0C91BC942}") = "Valor", "Valor\Valor.vcxproj", "{CA7C630C-C13F-4567-A9FA-FCC060366CBA}"
EndProject
Project("{8BC9CEB8-8B4A-11D0-8D11-00A0C91BC942}") = "glfw", "glfw\build\src\glfw.vcxproj", "{895D5AD0-1FEC-3797-88FC-7135D0B97677}"
EndProject
Project("{8BC9CEB8-8B4A-11D0-8D11-00A0C91BC942}") = "stbi", "stbi\stbi.vcxproj", "{9CB9C357-FA89-4D2D-9131-657A1C74EF04}"
EndProject
Project("{8BC9CEB8-8B4A-11D0-8D11-00A0C91BC942}") = "glad", "glad\glad.vcxproj", "{9ABAD75C-5ECA-465A-AE85-EA9C4CC302CA}"
EndProject
Global
	GlobalSection(SolutionConfigurationPlatforms) = preSolution
		Debug|x64 = Debug|x64
		MinSizeRel|x64 = MinSizeRel|x64
		Release|x64 = Release|x64
		RelWithDebInfo|x64 = RelWithDebInfo|x64
	EndGlobalSection
	GlobalSection(ProjectConfigurationPlatforms) = postSolution
		{204CE54B-7032-4305-92CB-458380207E21}.Debug|x64.ActiveCfg = Debug|x64
		{204CE54B-7032-4305-92CB-458380207E21}.Debug|x64.Build.0 = Debug|x64
		{204CE54B-7032-4305-92CB-458380207E21}.MinSizeRel|x64.ActiveCfg = Debug|x64
		{204CE54B-7032-4305-92CB-458380207E21}.MinSizeRel|x64.Build.0 = Debug|x64
		{204CE54B-7032-4305-92CB-458380207E21}.Release|x64.ActiveCfg = Release|x64
		{204CE54B-7032-4305-92CB-458380207E21}.Release|x64.Build.0 = Release|x64
		{204CE54B-7032-4305-92CB-458380207E21}.RelWithDebInfo|x64.ActiveCfg = Release|x64
		{204CE54B-7032-4305-92CB-458380207E21}.RelWithDebInfo|x64.Build.0 = Release|x64
		{CA7C630C-C13F-4567-A9FA-FCC060366CBA}.Debug|x64.ActiveCfg = Debug|x64
		{CA7C630C-C13F-4567-A9FA-FCC060366CBA}.Debug|x64.Build.0 = Debug|x64
		{CA7C630C-C13F-4567-A9FA-FCC060366CBA}.MinSizeRel|x64.ActiveCfg = Debug|x64
		{CA7C630C-C13F-4567-A9FA-FCC060366CBA}.MinSizeRel|x64.Build.0 = Debug|x64
		{CA7C630C-C13F-4567-A9FA-FCC060366CBA}.Release|x64.ActiveCfg = Release|x64
		{CA7C630C-C13F-4567-A9FA-FCC060366CBA}.Release|x64.Build.0 = Release|x64
		{CA7C630C-C13F-4567-A9FA-FCC060366CBA}.RelWithDebInfo|x64.ActiveCfg = Release|x64
		{CA7C630C-C13F-4567-A9FA-FCC060366CBA}.RelWithDebInfo|x64.Build.0 = Release|x64
		{895D5AD0-1FEC-3797-88FC-7135D0B97677}.Debug|x64.ActiveCfg = Debug|x64
		{895D5AD0-1FEC-3797-88FC-7135D0B97677}.Debug|x64.Build.0 = Debug|x64
		{895D5AD0-1FEC-3797-88FC-7135D0B97677}.MinSizeRel|x64.ActiveCfg = MinSizeRel|x64
		{895D5AD0-1FEC-3797-88FC-7135D0B97677}.MinSizeRel|x64.Build.0 = MinSizeRel|x64
		{895D5AD0-1FEC-3797-88FC-7135D0B97677}.Release|x64.ActiveCfg = Release|x64
		{895D5AD0-1FEC-3797-88FC-7135D0B97677}.Release|x64.Build.0 = Release|x64
		{895D5AD0-1FEC-3797-88FC-7135D0B97677}.RelWithDebInfo|x64.ActiveCfg = RelWithDebInfo|x64
		{895D5AD0-1FEC-3797-88FC-7135D0B97677}.RelWithDebInfo|x64.Build.0 = RelWithDebInfo|x64
		{9CB9C357-FA89-4D2D-9131-657A1C74EF04}.Debug|x64.ActiveCfg = Debug|x64
		{9CB9C357-FA89-4D2D-9131-657A1C74EF04}.Debug|x64.Build.0 = Debug|x64
		{9CB9C357-FA89-4D2D-9131-657A1C74EF04}.MinSizeRel|x64.ActiveCfg = Debug|x64
		{9CB9C357-FA89-4D2D-9131-657A1C74EF04}.MinSizeRel|x64.Build.0 = Debug|x64
		{9CB9C357-FA89-4D2D-9131-657A1C74EF04}.Release|x64.ActiveCfg = Release|x64
		{9CB9C357-FA89-4D2D-9131-657A1C74EF04}.Release|x64.Build.0 = Release|x64
		{9CB9C357-FA89-4D2D-9131-657A1C74EF04}.RelWithDebInfo|x64.ActiveCfg = Release|x64
		{9CB9C357-FA89-4D2D-9131-657A1C74EF04}.RelWithDebInfo|x64.Build.0 = Release|x64
		{9ABAD75C-5ECA-465A-AE85-EA9C4CC302CA}.Debug|x64.ActiveCfg = Debug|x64
		{9ABAD75C-5ECA-465A-AE85-EA9C4CC302CA}.Debug|x64.Build.0 = Debug|x64
		{9ABAD75C-5ECA-465A-AE85-EA9C4CC302CA}.MinSizeRel|x64.ActiveCfg = Debug|x64
		{9ABAD75C-5ECA-465A-AE85-EA9C4CC302CA}.MinSizeRel|x64.Build.0 = Debug|x64
		{9ABAD75C-5ECA-465A-AE85-EA9C4CC302CA}.Release|x64.ActiveCfg = Release|x64
		{9ABAD75C-5ECA-465A-AE85-EA9C4CC302CA}.Release|x64.Build.0 = Release|x64
		{9ABAD75C-5ECA-465A-AE85-EA9C4CC302CA}.RelWithDebInfo|x64.ActiveCfg = Release|x64
		{9ABAD75C-5ECA-465A-AE85-EA9C4CC302CA}.RelWithDebInfo|x64.Build.0 = Release|x64
	EndGlobalSection
	GlobalSection(SolutionProperties) = preSolution
		HideSolutionNode = FALSE
	EndGlobalSection
	GlobalSection(ExtensibilityGlobals) = postSolution
		SolutionGuid = {945DAA85-EDAA-4DE4-94A0-E341384545E9}
	EndGlobalSection
EndGlobal
