<?xml version="1.0" encoding="utf-8"?>
<Project ToolsVersion="17.0" xmlns="http://schemas.microsoft.com/developer/msbuild/2003">
  <ItemGroup>
    <CustomBuild Include="C:\Users\Omar\source\repos\Game-Engine\CMakeFiles\af4c0a8304df8bcc8afc8ee1eb271d87\INSTALL_force.rule">
      <Filter>CMake Rules</Filter>
    </CustomBuild>
  </ItemGroup>
  <ItemGroup>
    <Filter Include="CMake Rules">
      <UniqueIdentifier>{D0B51DD3-EA30-3164-8E43-49521E54CD35}</UniqueIdentifier>
    </Filter>
  </ItemGroup>
</Project>
